
Microsoft Visual Studio Solution File, Format Version 12.00
# Visual Studio Version 17
VisualStudioVersion = 17.5.33502.453
MinimumVisualStudioVersion = 10.0.40219.1
Project("{FAE04EC0-301F-11D3-BF4B-00C04F79EFBC}") = "The Final Battle", "The Final Battle.csproj", "{F080B65C-514A-48EE-A271-23864962F5F3}"
EndProject
Global
	GlobalSection(SolutionConfigurationPlatforms) = preSolution
		Debug|Any CPU = Debug|Any CPU
		Release|Any CPU = Release|Any CPU
	EndGlobalSection
	GlobalSection(ProjectConfigurationPlatforms) = postSolution
		{F080B65C-514A-48EE-A271-23864962F5F3}.Debug|Any CPU.ActiveCfg = Debug|Any CPU
		{F080B65C-514A-48EE-A271-23864962F5F3}.Debug|Any CPU.Build.0 = Debug|Any CPU
		{F080B65C-514A-48EE-A271-23864962F5F3}.Release|Any CPU.ActiveCfg = Release|Any CPU
		{F080B65C-514A-48EE-A271-23864962F5F3}.Release|Any CPU.Build.0 = Release|Any CPU
	EndGlobalSection
	GlobalSection(SolutionProperties) = preSolution
		HideSolutionNode = FALSE
	EndGlobalSection
	GlobalSection(ExtensibilityGlobals) = postSolution
		SolutionGuid = {9C0BC566-D51D-4DD1-8CAF-B6AA29B4BB0E}
	EndGlobalSection
EndGlobal
